
Microsoft Visual Studio Solution File, Format Version 12.00
# Visual Studio Version 16
VisualStudioVersion = 16.0.31005.135
MinimumVisualStudioVersion = 10.0.40219.1
Project("{FAE04EC0-301F-11D3-BF4B-00C04F79EFBC}") = "AutomatingTest_Skooli", "AutomatingTest_Skooli.csproj", "{660E3B0C-D53D-4623-AEF9-FEBF906065FD}"
EndProject
Global
	GlobalSection(SolutionConfigurationPlatforms) = preSolution
		Debug|Any CPU = Debug|Any CPU
		Release|Any CPU = Release|Any CPU
	EndGlobalSection
	GlobalSection(ProjectConfigurationPlatforms) = postSolution
		{660E3B0C-D53D-4623-AEF9-FEBF906065FD}.Debug|Any CPU.ActiveCfg = Debug|Any CPU
		{660E3B0C-D53D-4623-AEF9-FEBF906065FD}.Debug|Any CPU.Build.0 = Debug|Any CPU
		{660E3B0C-D53D-4623-AEF9-FEBF906065FD}.Release|Any CPU.ActiveCfg = Release|Any CPU
		{660E3B0C-D53D-4623-AEF9-FEBF906065FD}.Release|Any CPU.Build.0 = Release|Any CPU
	EndGlobalSection
	GlobalSection(SolutionProperties) = preSolution
		HideSolutionNode = FALSE
	EndGlobalSection
	GlobalSection(ExtensibilityGlobals) = postSolution
		SolutionGuid = {D5A13C22-DDD3-40E8-9F92-386C6897155F}
	EndGlobalSection
EndGlobal
